{
  "name": "spa-universe",
  "version": "1.0.0",
  "lockfileVersion": 2,
  "requires": true,
  "packages": {
    "": {
      "name": "spa-universe",
      "version": "1.0.0",
      "license": "ISC",
      "dependencies": {
        "liteserver": "^0.3.0"
      }
    },
    "node_modules/cookie": {
      "version": "0.0.5",
      "resolved": "https://registry.npmjs.org/cookie/-/cookie-0.0.5.tgz",
      "integrity": "sha512-STLsAHdtBDF5GJiPHc4sdfX5qzri6bcSxdSlW/o4IYJAA5yZxh3ZZsvctsKRNbhpP328sN+A2EjOF9vcW/LhdQ==",
      "engines": {
        "node": "*"
      }
    },
    "node_modules/formidable": {
      "version": "1.0.13",
      "resolved": "https://registry.npmjs.org/formidable/-/formidable-1.0.13.tgz",
      "integrity": "sha512-xFFIqHBxGtkKUIMocMh+Bebykl3bSBNccYVYVwts7WQBr0jpawTUwqk55kg43Lhj8EkMSMoJVKOwSVvayq2DFA==",
      "deprecated": "Please upgrade to latest, formidable@v2 or formidable@v3! Check these notes: https://bit.ly/2ZEqIau",
      "engines": {
        "node": "<0.9.0"
      }
    },
    "node_modules/liteserver": {
      "version": "0.3.0",
      "resolved": "https://registry.npmjs.org/liteserver/-/liteserver-0.3.0.tgz",
      "integrity": "sha512-hM54WKPMi/RFBPDiArMsJugfIKbFhYTeyZZHUJDUq2c3J1xqSj/uI1WM2P3b03818+0m/xEBGM1IBWgW3RsarA==",
      "dependencies": {
        "cookie": "0.0.5",
        "formidable": "1.0.13",
        "liteview": "0.2.4"
      },
      "engines": {
        "node": ">0.6.10"
      }
    },
    "node_modules/liteview": {
      "version": "0.2.4",
      "resolved": "https://registry.npmjs.org/liteview/-/liteview-0.2.4.tgz",
      "integrity": "sha512-bSTLWpgke+L8AeJU+7J7+uzDH5DNXS+4o8Yy22WUT8qbY6/Rfj6FsbbBawOt1pcyCISfjaFpgym3Mc+qHr5zfA==",
      "engines": {
        "node": ">0.6.0"
      }
    }
  },
  "dependencies": {
    "cookie": {
      "version": "0.0.5",
      "resolved": "https://registry.npmjs.org/cookie/-/cookie-0.0.5.tgz",
      "integrity": "sha512-STLsAHdtBDF5GJiPHc4sdfX5qzri6bcSxdSlW/o4IYJAA5yZxh3ZZsvctsKRNbhpP328sN+A2EjOF9vcW/LhdQ=="
    },
    "formidable": {
      "version": "1.0.13",
      "resolved": "https://registry.npmjs.org/formidable/-/formidable-1.0.13.tgz",
      "integrity": "sha512-xFFIqHBxGtkKUIMocMh+Bebykl3bSBNccYVYVwts7WQBr0jpawTUwqk55kg43Lhj8EkMSMoJVKOwSVvayq2DFA=="
    },
    "liteserver": {
      "version": "0.3.0",
      "resolved": "https://registry.npmjs.org/liteserver/-/liteserver-0.3.0.tgz",
      "integrity": "sha512-hM54WKPMi/RFBPDiArMsJugfIKbFhYTeyZZHUJDUq2c3J1xqSj/uI1WM2P3b03818+0m/xEBGM1IBWgW3RsarA==",
      "requires": {
        "cookie": "0.0.5",
        "formidable": "1.0.13",
        "liteview": "0.2.4"
      }
    },
    "liteview": {
      "version": "0.2.4",
      "resolved": "https://registry.npmjs.org/liteview/-/liteview-0.2.4.tgz",
      "integrity": "sha512-bSTLWpgke+L8AeJU+7J7+uzDH5DNXS+4o8Yy22WUT8qbY6/Rfj6FsbbBawOt1pcyCISfjaFpgym3Mc+qHr5zfA=="
    }
  }
}
